
Microsoft Visual Studio Solution File, Format Version 12.00
# Visual Studio 15
Project("{FAE04EC0-301F-11D3-BF4B-00C04F79EFBC}") = "Assembly-CSharp-Editor", "Assembly-CSharp-Editor.csproj", "{1EBBB064-5B9C-C6D0-B563-378ADC5CAC2C}"
EndProject
Project("{FAE04EC0-301F-11D3-BF4B-00C04F79EFBC}") = "Assembly-CSharp", "Assembly-CSharp.csproj", "{BF888A70-572D-CA02-6189-9552E87BF096}"
EndProject
Global
	GlobalSection(SolutionConfigurationPlatforms) = preSolution
		Debug|Any CPU = Debug|Any CPU
		Release|Any CPU = Release|Any CPU
	EndGlobalSection
	GlobalSection(ProjectConfigurationPlatforms) = postSolution
		{1EBBB064-5B9C-C6D0-B563-378ADC5CAC2C}.Debug|Any CPU.ActiveCfg = Debug|Any CPU
		{1EBBB064-5B9C-C6D0-B563-378ADC5CAC2C}.Debug|Any CPU.Build.0 = Debug|Any CPU
		{1EBBB064-5B9C-C6D0-B563-378ADC5CAC2C}.Release|Any CPU.ActiveCfg = Release|Any CPU
		{1EBBB064-5B9C-C6D0-B563-378ADC5CAC2C}.Release|Any CPU.Build.0 = Release|Any CPU
		{BF888A70-572D-CA02-6189-9552E87BF096}.Debug|Any CPU.ActiveCfg = Debug|Any CPU
		{BF888A70-572D-CA02-6189-9552E87BF096}.Debug|Any CPU.Build.0 = Debug|Any CPU
		{BF888A70-572D-CA02-6189-9552E87BF096}.Release|Any CPU.ActiveCfg = Release|Any CPU
		{BF888A70-572D-CA02-6189-9552E87BF096}.Release|Any CPU.Build.0 = Release|Any CPU
	EndGlobalSection
	GlobalSection(SolutionProperties) = preSolution
		HideSolutionNode = FALSE
	EndGlobalSection
EndGlobal
